{
	"name": "@konstellio/odm",
	"version": "0.2.9",
	"lockfileVersion": 1,
	"requires": true,
	"dependencies": {
		"joi": {
			"version": "14.3.0",
			"resolved": "https://registry.npmjs.org/joi/-/joi-14.3.0.tgz",
			"integrity": "sha512-0HKd1z8MWogez4GaU0LkY1FgW30vR2Kwy414GISfCU41OYgUC2GWpNe5amsvBZtDqPtt7DohykfOOMIw1Z5hvQ==",
			"requires": {
				"hoek": "6.x.x",
				"isemail": "3.x.x",
				"topo": "3.x.x"
			},
			"dependencies": {
				"hoek": {
					"version": "6.0.4",
					"resolved": "https://registry.npmjs.org/hoek/-/hoek-6.0.4.tgz",
					"integrity": "sha512-9D47elppcwrTx2x9B6TrovxnUtlTBYFcHGgo0+LRA1+YfUkCecT//41ovdh6zbl7whB9Hc2whRO1c6lzPoTgww=="
				},
				"isemail": {
					"version": "3.2.0",
					"resolved": "https://registry.npmjs.org/isemail/-/isemail-3.2.0.tgz",
					"integrity": "sha512-zKqkK+O+dGqevc93KNsbZ/TqTUFd46MwWjYOoMrjIMZ51eU7DtQG3Wmd9SQQT7i7RVnuTPEiYEWHU3MSbxC1Tg==",
					"requires": {
						"punycode": "2.x.x"
					}
				},
				"punycode": {
					"version": "2.1.1",
					"resolved": "https://registry.npmjs.org/punycode/-/punycode-2.1.1.tgz",
					"integrity": "sha512-XRsRjdf+j5ml+y/6GKHPZbrF/8p2Yga0JPtdqTIY2Xe5ohJPD9saDJJLPvp9+NSBprVvevdXZybnj2cv8OEd0A=="
				},
				"topo": {
					"version": "3.0.3",
					"resolved": "https://registry.npmjs.org/topo/-/topo-3.0.3.tgz",
					"integrity": "sha512-IgpPtvD4kjrJ7CRA3ov2FhWQADwv+Tdqbsf1ZnPUSAtCJ9e1Z44MmoSGDXGk4IppoZA7jd/QRkNddlLJWlUZsQ==",
					"requires": {
						"hoek": "6.x.x"
					}
				}
			}
		}
	}
}
