{
	"name": "@konstellio/cli",
	"version": "0.2.9",
	"lockfileVersion": 1,
	"requires": true,
	"dependencies": {
		"joi": {
			"version": "14.3.1",
			"resolved": "https://registry.npmjs.org/joi/-/joi-14.3.1.tgz",
			"integrity": "sha512-LQDdM+pkOrpAn4Lp+neNIFV3axv1Vna3j38bisbQhETPMANYRbFJFUyOZcOClYvM/hppMhGWuKSFEK9vjrB+bQ==",
			"requires": {
				"hoek": "6.x.x",
				"isemail": "3.x.x",
				"topo": "3.x.x"
			},
			"dependencies": {
				"hoek": {
					"version": "6.1.2",
					"resolved": "https://registry.npmjs.org/hoek/-/hoek-6.1.2.tgz",
					"integrity": "sha512-6qhh/wahGYZHFSFw12tBbJw5fsAhhwrrG/y3Cs0YMTv2WzMnL0oLPnQJjv1QJvEfylRSOFuP+xCu+tdx0tD16Q=="
				},
				"isemail": {
					"version": "3.2.0",
					"resolved": "https://registry.npmjs.org/isemail/-/isemail-3.2.0.tgz",
					"integrity": "sha512-zKqkK+O+dGqevc93KNsbZ/TqTUFd46MwWjYOoMrjIMZ51eU7DtQG3Wmd9SQQT7i7RVnuTPEiYEWHU3MSbxC1Tg==",
					"requires": {
						"punycode": "2.x.x"
					}
				},
				"punycode": {
					"version": "2.1.1",
					"resolved": "https://registry.npmjs.org/punycode/-/punycode-2.1.1.tgz",
					"integrity": "sha512-XRsRjdf+j5ml+y/6GKHPZbrF/8p2Yga0JPtdqTIY2Xe5ohJPD9saDJJLPvp9+NSBprVvevdXZybnj2cv8OEd0A=="
				},
				"topo": {
					"version": "3.0.3",
					"resolved": "https://registry.npmjs.org/topo/-/topo-3.0.3.tgz",
					"integrity": "sha512-IgpPtvD4kjrJ7CRA3ov2FhWQADwv+Tdqbsf1ZnPUSAtCJ9e1Z44MmoSGDXGk4IppoZA7jd/QRkNddlLJWlUZsQ==",
					"requires": {
						"hoek": "6.x.x"
					}
				}
			}
		},
		"js-yaml": {
			"version": "3.12.2",
			"resolved": "https://registry.npmjs.org/js-yaml/-/js-yaml-3.12.2.tgz",
			"integrity": "sha512-QHn/Lh/7HhZ/Twc7vJYQTkjuCa0kaCcDcjK5Zlk2rvnUpy7DxMJ23+Jc2dcyvltwQVg1nygAVlB2oRDFHoRS5Q==",
			"requires": {
				"argparse": "^1.0.7",
				"esprima": "^4.0.0"
			},
			"dependencies": {
				"argparse": {
					"version": "1.0.10",
					"resolved": "https://registry.npmjs.org/argparse/-/argparse-1.0.10.tgz",
					"integrity": "sha512-o5Roy6tNG4SL/FOkCAN6RzjiakZS25RLYFrcMttJqbdd8BWrnA+fGz57iN5Pb06pvBGvl5gQ0B48dJlslXvoTg==",
					"requires": {
						"sprintf-js": "~1.0.2"
					}
				},
				"esprima": {
					"version": "4.0.1",
					"resolved": "https://registry.npmjs.org/esprima/-/esprima-4.0.1.tgz",
					"integrity": "sha512-eGuFFw7Upda+g4p+QHvnW0RyTX/SVeJBDM/gCtMARO0cLuT2HcEKnTPvhjV6aGeqrCB/sbNop0Kszm0jsaWU4A=="
				},
				"sprintf-js": {
					"version": "1.0.3",
					"resolved": "https://registry.npmjs.org/sprintf-js/-/sprintf-js-1.0.3.tgz",
					"integrity": "sha1-BOaSb2YolTVPPdAVIDYzuFcpfiw="
				}
			}
		},
		"resolve": {
			"version": "1.10.0",
			"resolved": "https://registry.npmjs.org/resolve/-/resolve-1.10.0.tgz",
			"integrity": "sha512-3sUr9aq5OfSg2S9pNtPA9hL1FVEAjvfOC4leW0SNf/mpnaakz2a9femSd6LqAww2RaFctwyf1lCqnTHuF1rxDg==",
			"requires": {
				"path-parse": "^1.0.6"
			},
			"dependencies": {
				"path-parse": {
					"version": "1.0.6",
					"resolved": "https://registry.npmjs.org/path-parse/-/path-parse-1.0.6.tgz",
					"integrity": "sha512-GSmOT2EbHrINBf9SR7CDELwlJ8AENk3Qn7OikK4nFYAu3Ote2+JYNVvkpAEQm3/TLNEJFD/xZJjzyxg3KBWOzw=="
				}
			}
		}
	}
}
